{
    "name": "my-app",
    "requires": true,
    "lockfileVersion": 1,
    "dependencies": {
        "node-utils-package": {
            "version": "0.3.5",
            "resolved": "https://registry.npmjs.org/node-utils-package/-/node-utils-package-0.3.5.tgz",
            "integrity": "sha512-Oqno8ZCSmRud26MT+Nb97/qQMLWLShDW1m/VMRORmIPzUS4SZJeT735pOg1R7bX77VB0CqPfKW1+OrVL7JPLmA=="
        }
    }
}
