{
    "name": "my-app",
    "requires": true,
    "lockfileVersion": 1,
    "dependencies": {
        "node-utils-package": {
            "version": "0.3.4",
            "resolved": "https://registry.npmjs.org/node-utils-package/-/node-utils-package-0.3.4.tgz",
            "integrity": "sha512-3/YAZKXfMDiNYd33yPbOXVh3cwa9BIf/DuzysSzKlkJjys4uAt5+M3cyAsNrAZ23a3rd/sh5reiwoYqtNFu05g=="
        }
    }
}
