{
    "name": "my-app",
    "requires": true,
    "lockfileVersion": 1,
    "dependencies": {
        "node-utils-package": {
            "version": "0.3.3",
            "resolved": "https://registry.npmjs.org/node-utils-package/-/node-utils-package-0.3.3.tgz",
            "integrity": "sha512-vxpVPMxvo297CmwLC/u+OxxOk8UV4pvnqhxNVxgexb9gmpDpab1MrUE057CfDXRw6hRu+0z+WmDZf/YfG9sKYg=="
        }
    }
}
